PODS:
  - Alamofire (4.9.0)
  - DateToolsSwift (4.0.0)
  - Differentiator (4.0.1)
  - IQKeyboardManagerSwift (6.5.1)
  - KeychainAccess (3.2.1)
  - Kingfisher (5.8.3):
    - Kingfisher/Core (= 5.8.3)
  - Kingfisher/Core (5.8.3)
  - Moya (12.0.1):
    - Moya/Core (= 12.0.1)
  - Moya-ObjectMapper (2.8):
    - Moya-ObjectMapper/Core (= 2.8)
  - Moya-ObjectMapper/Core (2.8):
    - Moya (~> 12.0)
    - ObjectMapper (~> 3.4)
  - Moya/Core (12.0.1):
    - Alamofire (~> 4.1)
    - Result (~> 4.0)
  - "NSObject+Rx (5.0.2)":
    - RxSwift (~> 5.0)
  - NVActivityIndicatorView (4.8.0):
    - NVActivityIndicatorView/Presenter (= 4.8.0)
  - NVActivityIndicatorView/Presenter (4.8.0)
  - ObjectMapper (3.5.1)
  - R.swift (5.1.0.alpha.4):
    - R.swift.Library (~> 5.1.0.alpha.1)
  - R.swift.Library (5.1.0)
  - ReachabilitySwift (5.0.0)
  - ReactiveSwift (5.0.1):
    - Result (~> 4.1)
  - Result (4.1.0)
  - RxCocoa (5.0.0):
    - RxRelay (~> 5)
    - RxSwift (~> 5)
  - RxDataSources (4.0.1):
    - Differentiator (~> 4.0)
    - RxCocoa (~> 5.0)
    - RxSwift (~> 5.0)
  - RxGesture (3.0.1):
    - RxCocoa (~> 5.0)
    - RxSwift (~> 5.0)
  - RxOptional (4.1.0):
    - RxCocoa (~> 5)
    - RxSwift (~> 5)
  - RxRelay (5.0.0):
    - RxSwift (~> 5)
  - RxSwift (5.0.0)
  - RxSwiftExt (5.1.1):
    - RxSwiftExt/Core (= 5.1.1)
    - RxSwiftExt/RxCocoa (= 5.1.1)
  - RxSwiftExt/Core (5.1.1):
    - RxSwift (~> 5.0)
  - RxSwiftExt/RxCocoa (5.1.1):
    - RxCocoa (~> 5.0)
    - RxSwiftExt/Core
  - RxTheme (4.0.0):
    - RxCocoa (~> 5.0)
    - RxSwift (~> 5.0)
  - SwiftDate (6.1.0)
  - SwiftLint (0.34.0)

DEPENDENCIES:
  - DateToolsSwift (~> 4.0)
  - IQKeyboardManagerSwift (~> 6.0)
  - KeychainAccess (~> 3.0)
  - Kingfisher (~> 5.0)
  - Moya (~> 12.0)
  - Moya-ObjectMapper (from `https://github.com/ivanbruel/Moya-ObjectMapper`)
  - "NSObject+Rx (~> 5.0)"
  - NVActivityIndicatorView (~> 4.0)
  - R.swift (= 5.1.0.alpha.4)
  - ReachabilitySwift
  - ReactiveSwift (~> 5.0)
  - RxDataSources (~> 4.0)
  - RxGesture (~> 3.0)
  - RxOptional (~> 4.0)
  - RxSwiftExt (~> 5.0)
  - RxTheme (~> 4.0)
  - SwiftDate (~> 6.0)
  - SwiftLint (= 0.34.0)

SPEC REPOS:
  trunk:
    - Alamofire
    - DateToolsSwift
    - Differentiator
    - IQKeyboardManagerSwift
    - KeychainAccess
    - Kingfisher
    - Moya
    - "NSObject+Rx"
    - NVActivityIndicatorView
    - ObjectMapper
    - R.swift
    - R.swift.Library
    - ReachabilitySwift
    - ReactiveSwift
    - Result
    - RxCocoa
    - RxDataSources
    - RxGesture
    - RxOptional
    - RxRelay
    - RxSwift
    - RxSwiftExt
    - RxTheme
    - SwiftDate
    - SwiftLint

EXTERNAL SOURCES:
  Moya-ObjectMapper:
    :git: https://github.com/ivanbruel/Moya-ObjectMapper

CHECKOUT OPTIONS:
  Moya-ObjectMapper:
    :commit: 7deadd2621af5812ab458707490b6bfe8015fc2b
    :git: https://github.com/ivanbruel/Moya-ObjectMapper

SPEC CHECKSUMS:
  Alamofire: afc3e7c6db61476cb45cdd23fed06bad03bbc321
  DateToolsSwift: 875d97ff9e3a5d54abdd67a269b3f51c757b71ab
  Differentiator: 886080237d9f87f322641dedbc5be257061b0602
  IQKeyboardManagerSwift: 9ac7524fad9f9fe9a3b98c927e7772471ca546d2
  KeychainAccess: d5470352939ced6d6f7fb51cb2e67aae51fc294f
  Kingfisher: b7e4cb65ff24c264bd2a1284b75b974d907afd94
  Moya: cf730b3cd9e005401ef37a85143aa141a12fd38f
  Moya-ObjectMapper: c514b5eafcfd5e260f85f7a5bf66895a217e2b37
  "NSObject+Rx": 2eb2cf51fd1c554118449a7fbc36e4cd620b9e94
  NVActivityIndicatorView: d24b7ebcf80af5dcd994adb650e2b6c93379270f
  ObjectMapper: 70187b8941977c62ccfb423caf6b50be405cabf0
  R.swift: 28fd04ea6eef3e5f494c963e367e4704293036c7
  R.swift.Library: fa85ce1e0d0b7e818cd9e080df910ba54d2776cc
  ReachabilitySwift: 985039c6f7b23a1da463388634119492ff86c825
  ReactiveSwift: cac20a5bbe560c5806bd29c0fccf90d03b996ac1
  Result: bd966fac789cc6c1563440b348ab2598cc24d5c7
  RxCocoa: fcf32050ac00d801f34a7f71d5e8e7f23026dcd8
  RxDataSources: efee07fa4de48477eca0a4611e6d11e2da9c1114
  RxGesture: a3f8dd6adf078110ed5e1c9c30d09d705a09852e
  RxOptional: b1fcd60856807a564c0215c2184b8d33e7826dc2
  RxRelay: 4f7409406a51a55cd88483f21ed898c234d60f18
  RxSwift: 8b0671caa829a763bbce7271095859121cbd895f
  RxSwiftExt: 0d2fd77523a169d1459be34961b996a194bdef0e
  RxTheme: 0b642f47c7d197a803c6b9c083964188c34f7ddb
  SwiftDate: fa2bb3962056bb44047b4b85a30044e5eae30b03
  SwiftLint: 79d48a17c6565dc286c37efb8322c7b450f95c67

PODFILE CHECKSUM: 9e7026f38555fb80d96b862c6a5264541a3b0e27

COCOAPODS: 1.8.4
